// !$*UTF8*$!
{
	archiveVersion = 1;
	classes = {
	};
	objectVersion = 46;
	objects = {

/* Begin PBXBuildFile section */
		D211FC311DE2ACBD00270FBE /* M22IntroAnimationView.m in Sources */ = {isa = PBXBuildFile; fileRef = D211FC301DE2ACBD00270FBE /* M22IntroAnimationView.m */; };
		D211FC4C1DE2ACEA00270FBE /* 22PL.png in Resources */ = {isa = PBXBuildFile; fileRef = D211FC321DE2ACEA00270FBE /* 22PL.png */; };
		D211FC4D1DE2ACEA00270FBE /* 22PL@2x.png in Resources */ = {isa = PBXBuildFile; fileRef = D211FC331DE2ACEA00270FBE /* 22PL@2x.png */; };
		D211FC4E1DE2ACEA00270FBE /* base.png in Resources */ = {isa = PBXBuildFile; fileRef = D211FC341DE2ACEA00270FBE /* base.png */; };
		D211FC4F1DE2ACEA00270FBE /* base@2x.png in Resources */ = {isa = PBXBuildFile; fileRef = D211FC351DE2ACEA00270FBE /* base@2x.png */; };
		D211FC501DE2ACEA00270FBE /* blurb.png in Resources */ = {isa = PBXBuildFile; fileRef = D211FC361DE2ACEA00270FBE /* blurb.png */; };
		D211FC511DE2ACEA00270FBE /* blurb@2x.png in Resources */ = {isa = PBXBuildFile; fileRef = D211FC371DE2ACEA00270FBE /* blurb@2x.png */; };
		D211FC521DE2ACEA00270FBE /* burst.png in Resources */ = {isa = PBXBuildFile; fileRef = D211FC381DE2ACEA00270FBE /* burst.png */; };
		D211FC531DE2ACEA00270FBE /* burst@2x.png in Resources */ = {isa = PBXBuildFile; fileRef = D211FC391DE2ACEA00270FBE /* burst@2x.png */; };
		D211FC541DE2ACEA00270FBE /* cap star.png in Resources */ = {isa = PBXBuildFile; fileRef = D211FC3A1DE2ACEA00270FBE /* cap star.png */; };
		D211FC551DE2ACEA00270FBE /* cap star@2x.png in Resources */ = {isa = PBXBuildFile; fileRef = D211FC3B1DE2ACEA00270FBE /* cap star@2x.png */; };
		D211FC561DE2ACEA00270FBE /* cap.png in Resources */ = {isa = PBXBuildFile; fileRef = D211FC3C1DE2ACEA00270FBE /* cap.png */; };
		D211FC571DE2ACEA00270FBE /* cap@2x.png in Resources */ = {isa = PBXBuildFile; fileRef = D211FC3D1DE2ACEA00270FBE /* cap@2x.png */; };
		D211FC581DE2ACEA00270FBE /* flash.png in Resources */ = {isa = PBXBuildFile; fileRef = D211FC3E1DE2ACEA00270FBE /* flash.png */; };
		D211FC591DE2ACEA00270FBE /* flash@2x.png in Resources */ = {isa = PBXBuildFile; fileRef = D211FC3F1DE2ACEA00270FBE /* flash@2x.png */; };
		D211FC5A1DE2ACEA00270FBE /* meanwhile.png in Resources */ = {isa = PBXBuildFile; fileRef = D211FC401DE2ACEA00270FBE /* meanwhile.png */; };
		D211FC5B1DE2ACEA00270FBE /* meanwhile@2x.png in Resources */ = {isa = PBXBuildFile; fileRef = D211FC411DE2ACEA00270FBE /* meanwhile@2x.png */; };
		D211FC5C1DE2ACEA00270FBE /* mfg bolt.png in Resources */ = {isa = PBXBuildFile; fileRef = D211FC421DE2ACEA00270FBE /* mfg bolt.png */; };
		D211FC5D1DE2ACEA00270FBE /* mfg bolt@2x.png in Resources */ = {isa = PBXBuildFile; fileRef = D211FC431DE2ACEA00270FBE /* mfg bolt@2x.png */; };
		D211FC5E1DE2ACEA00270FBE /* mfg.png in Resources */ = {isa = PBXBuildFile; fileRef = D211FC441DE2ACEA00270FBE /* mfg.png */; };
		D211FC5F1DE2ACEA00270FBE /* mfg@2x.png in Resources */ = {isa = PBXBuildFile; fileRef = D211FC451DE2ACEA00270FBE /* mfg@2x.png */; };
		D211FC601DE2ACEA00270FBE /* orange bkgd.png in Resources */ = {isa = PBXBuildFile; fileRef = D211FC461DE2ACEA00270FBE /* orange bkgd.png */; };
		D211FC611DE2ACEA00270FBE /* orange bkgd@2x.png in Resources */ = {isa = PBXBuildFile; fileRef = D211FC471DE2ACEA00270FBE /* orange bkgd@2x.png */; };
		D211FC621DE2ACEA00270FBE /* ralf bird.png in Resources */ = {isa = PBXBuildFile; fileRef = D211FC481DE2ACEA00270FBE /* ralf bird.png */; };
		D211FC631DE2ACEA00270FBE /* ralf bird@2x.png in Resources */ = {isa = PBXBuildFile; fileRef = D211FC491DE2ACEA00270FBE /* ralf bird@2x.png */; };
		D211FC641DE2ACEA00270FBE /* ralf.png in Resources */ = {isa = PBXBuildFile; fileRef = D211FC4A1DE2ACEA00270FBE /* ralf.png */; };
		D211FC651DE2ACEA00270FBE /* ralf@2x.png in Resources */ = {isa = PBXBuildFile; fileRef = D211FC4B1DE2ACEA00270FBE /* ralf@2x.png */; };
		D211FC671DE2AF7900270FBE /* M22 Intro.mp3 in Resources */ = {isa = PBXBuildFile; fileRef = D211FC661DE2AF7900270FBE /* M22 Intro.mp3 */; };
		D211FC6A1DE2B03200270FBE /* AVFoundation.framework in Frameworks */ = {isa = PBXBuildFile; fileRef = D211FC691DE2B03200270FBE /* AVFoundation.framework */; };
		D211FC6D1DE2B95A00270FBE /* M22HomeAnimationView.m in Sources */ = {isa = PBXBuildFile; fileRef = D211FC6C1DE2B95A00270FBE /* M22HomeAnimationView.m */; };
		D211FC6F1DE2B96900270FBE /* M22HomeAnimation.xcassets in Resources */ = {isa = PBXBuildFile; fileRef = D211FC6E1DE2B96900270FBE /* M22HomeAnimation.xcassets */; };
		D211FC731DE3947C00270FBE /* Podcast.m in Sources */ = {isa = PBXBuildFile; fileRef = D211FC721DE3947C00270FBE /* Podcast.m */; };
		D211FC761DE3954700270FBE /* PodcastParser.m in Sources */ = {isa = PBXBuildFile; fileRef = D211FC751DE3954700270FBE /* PodcastParser.m */; };
		D211FC7A1DE3A38800270FBE /* EpisodeListViewController.m in Sources */ = {isa = PBXBuildFile; fileRef = D211FC791DE3A38800270FBE /* EpisodeListViewController.m */; };
		D211FC7E1DE3A3CD00270FBE /* EpisodeListTableViewCell.m in Sources */ = {isa = PBXBuildFile; fileRef = D211FC7D1DE3A3CD00270FBE /* EpisodeListTableViewCell.m */; };
		D211FC801DE4DB2D00270FBE /* AVKit.framework in Frameworks */ = {isa = PBXBuildFile; fileRef = D211FC7F1DE4DB2D00270FBE /* AVKit.framework */; };
		D211FC831DE6193200270FBE /* EpisodePlayerViewController.m in Sources */ = {isa = PBXBuildFile; fileRef = D211FC821DE6193200270FBE /* EpisodePlayerViewController.m */; };
		D211FC861DE6196200270FBE /* MethodsCache.m in Sources */ = {isa = PBXBuildFile; fileRef = D211FC851DE6196200270FBE /* MethodsCache.m */; };
		D211FC8A1DE7EB0700270FBE /* red rocket@2x.png in Resources */ = {isa = PBXBuildFile; fileRef = D211FC881DE7EB0700270FBE /* red rocket@2x.png */; };
		D211FC8B1DE7EB0700270FBE /* blue rocket@2x.png in Resources */ = {isa = PBXBuildFile; fileRef = D211FC891DE7EB0700270FBE /* blue rocket@2x.png */; };
		D211FC911DE7F19500270FBE /* paper A lite@2x.png in Resources */ = {isa = PBXBuildFile; fileRef = D211FC8E1DE7F19500270FBE /* paper A lite@2x.png */; };
		D211FC921DE7F19500270FBE /* paper B lite@2x.png in Resources */ = {isa = PBXBuildFile; fileRef = D211FC8F1DE7F19500270FBE /* paper B lite@2x.png */; };
		D211FC931DE7F19500270FBE /* paper C lite@2x.png in Resources */ = {isa = PBXBuildFile; fileRef = D211FC901DE7F19500270FBE /* paper C lite@2x.png */; };
		D29369401DDD8873002851D5 /* main.m in Sources */ = {isa = PBXBuildFile; fileRef = D293693F1DDD8873002851D5 /* main.m */; };
		D29369431DDD8873002851D5 /* AppDelegate.m in Sources */ = {isa = PBXBuildFile; fileRef = D29369421DDD8873002851D5 /* AppDelegate.m */; };
		D29369491DDD8873002851D5 /* Main.storyboard in Resources */ = {isa = PBXBuildFile; fileRef = D29369471DDD8873002851D5 /* Main.storyboard */; };
		D293694B1DDD8873002851D5 /* Assets.xcassets in Resources */ = {isa = PBXBuildFile; fileRef = D293694A1DDD8873002851D5 /* Assets.xcassets */; };
		D293694E1DDD8873002851D5 /* LaunchScreen.storyboard in Resources */ = {isa = PBXBuildFile; fileRef = D293694C1DDD8873002851D5 /* LaunchScreen.storyboard */; };
		D29369591DDD8873002851D5 /* Meanwhile22Tests.m in Sources */ = {isa = PBXBuildFile; fileRef = D29369581DDD8873002851D5 /* Meanwhile22Tests.m */; };
		D29369641DDD8873002851D5 /* Meanwhile22UITests.m in Sources */ = {isa = PBXBuildFile; fileRef = D29369631DDD8873002851D5 /* Meanwhile22UITests.m */; };
		D29369731DDD8965002851D5 /* IntroViewController.m in Sources */ = {isa = PBXBuildFile; fileRef = D29369721DDD8965002851D5 /* IntroViewController.m */; };
		D29369761DDD897D002851D5 /* HomeViewController.m in Sources */ = {isa = PBXBuildFile; fileRef = D29369751DDD897D002851D5 /* HomeViewController.m */; };
		D293697A1DDD8E72002851D5 /* facebook logo@2x.png in Resources */ = {isa = PBXBuildFile; fileRef = D29369781DDD8E72002851D5 /* facebook logo@2x.png */; };
		D293697B1DDD8E72002851D5 /* twitter logo@2x.png in Resources */ = {isa = PBXBuildFile; fileRef = D29369791DDD8E72002851D5 /* twitter logo@2x.png */; };
/* End PBXBuildFile section */

/* Begin PBXContainerItemProxy section */
		D29369551DDD8873002851D5 /* PBXContainerItemProxy */ = {
			isa = PBXContainerItemProxy;
			containerPortal = D29369331DDD8873002851D5 /* Project object */;
			proxyType = 1;
			remoteGlobalIDString = D293693A1DDD8873002851D5;
			remoteInfo = Meanwhile22;
		};
		D29369601DDD8873002851D5 /* PBXContainerItemProxy */ = {
			isa = PBXContainerItemProxy;
			containerPortal = D29369331DDD8873002851D5 /* Project object */;
			proxyType = 1;
			remoteGlobalIDString = D293693A1DDD8873002851D5;
			remoteInfo = Meanwhile22;
		};
/* End PBXContainerItemProxy section */

/* Begin PBXFileReference section */
		D211FC2F1DE2ACBD00270FBE /* M22IntroAnimationView.h */ = {isa = PBXFileReference; fileEncoding = 4; lastKnownFileType = sourcecode.c.h; path = M22IntroAnimationView.h; sourceTree = "<group>"; };
		D211FC301DE2ACBD00270FBE /* M22IntroAnimationView.m */ = {isa = PBXFileReference; fileEncoding = 4; lastKnownFileType = sourcecode.c.objc; path = M22IntroAnimationView.m; sourceTree = "<group>"; };
		D211FC321DE2ACEA00270FBE /* 22PL.png */ = {isa = PBXFileReference; lastKnownFileType = image.png; path = 22PL.png; sourceTree = "<group>"; };
		D211FC331DE2ACEA00270FBE /* 22PL@2x.png */ = {isa = PBXFileReference; lastKnownFileType = image.png; path = "22PL@2x.png"; sourceTree = "<group>"; };
		D211FC341DE2ACEA00270FBE /* base.png */ = {isa = PBXFileReference; lastKnownFileType = image.png; path = base.png; sourceTree = "<group>"; };
		D211FC351DE2ACEA00270FBE /* base@2x.png */ = {isa = PBXFileReference; lastKnownFileType = image.png; path = "base@2x.png"; sourceTree = "<group>"; };
		D211FC361DE2ACEA00270FBE /* blurb.png */ = {isa = PBXFileReference; lastKnownFileType = image.png; path = blurb.png; sourceTree = "<group>"; };
		D211FC371DE2ACEA00270FBE /* blurb@2x.png */ = {isa = PBXFileReference; lastKnownFileType = image.png; path = "blurb@2x.png"; sourceTree = "<group>"; };
		D211FC381DE2ACEA00270FBE /* burst.png */ = {isa = PBXFileReference; lastKnownFileType = image.png; path = burst.png; sourceTree = "<group>"; };
		D211FC391DE2ACEA00270FBE /* burst@2x.png */ = {isa = PBXFileReference; lastKnownFileType = image.png; path = "burst@2x.png"; sourceTree = "<group>"; };
		D211FC3A1DE2ACEA00270FBE /* cap star.png */ = {isa = PBXFileReference; lastKnownFileType = image.png; path = "cap star.png"; sourceTree = "<group>"; };
		D211FC3B1DE2ACEA00270FBE /* cap star@2x.png */ = {isa = PBXFileReference; lastKnownFileType = image.png; path = "cap star@2x.png"; sourceTree = "<group>"; };
		D211FC3C1DE2ACEA00270FBE /* cap.png */ = {isa = PBXFileReference; lastKnownFileType = image.png; path = cap.png; sourceTree = "<group>"; };
		D211FC3D1DE2ACEA00270FBE /* cap@2x.png */ = {isa = PBXFileReference; lastKnownFileType = image.png; path = "cap@2x.png"; sourceTree = "<group>"; };
		D211FC3E1DE2ACEA00270FBE /* flash.png */ = {isa = PBXFileReference; lastKnownFileType = image.png; path = flash.png; sourceTree = "<group>"; };
		D211FC3F1DE2ACEA00270FBE /* flash@2x.png */ = {isa = PBXFileReference; lastKnownFileType = image.png; path = "flash@2x.png"; sourceTree = "<group>"; };
		D211FC401DE2ACEA00270FBE /* meanwhile.png */ = {isa = PBXFileReference; lastKnownFileType = image.png; path = meanwhile.png; sourceTree = "<group>"; };
		D211FC411DE2ACEA00270FBE /* meanwhile@2x.png */ = {isa = PBXFileReference; lastKnownFileType = image.png; path = "meanwhile@2x.png"; sourceTree = "<group>"; };
		D211FC421DE2ACEA00270FBE /* mfg bolt.png */ = {isa = PBXFileReference; lastKnownFileType = image.png; path = "mfg bolt.png"; sourceTree = "<group>"; };
		D211FC431DE2ACEA00270FBE /* mfg bolt@2x.png */ = {isa = PBXFileReference; lastKnownFileType = image.png; path = "mfg bolt@2x.png"; sourceTree = "<group>"; };
		D211FC441DE2ACEA00270FBE /* mfg.png */ = {isa = PBXFileReference; lastKnownFileType = image.png; path = mfg.png; sourceTree = "<group>"; };
		D211FC451DE2ACEA00270FBE /* mfg@2x.png */ = {isa = PBXFileReference; lastKnownFileType = image.png; path = "mfg@2x.png"; sourceTree = "<group>"; };
		D211FC461DE2ACEA00270FBE /* orange bkgd.png */ = {isa = PBXFileReference; lastKnownFileType = image.png; path = "orange bkgd.png"; sourceTree = "<group>"; };
		D211FC471DE2ACEA00270FBE /* orange bkgd@2x.png */ = {isa = PBXFileReference; lastKnownFileType = image.png; path = "orange bkgd@2x.png"; sourceTree = "<group>"; };
		D211FC481DE2ACEA00270FBE /* ralf bird.png */ = {isa = PBXFileReference; lastKnownFileType = image.png; path = "ralf bird.png"; sourceTree = "<group>"; };
		D211FC491DE2ACEA00270FBE /* ralf bird@2x.png */ = {isa = PBXFileReference; lastKnownFileType = image.png; path = "ralf bird@2x.png"; sourceTree = "<group>"; };
		D211FC4A1DE2ACEA00270FBE /* ralf.png */ = {isa = PBXFileReference; lastKnownFileType = image.png; path = ralf.png; sourceTree = "<group>"; };
		D211FC4B1DE2ACEA00270FBE /* ralf@2x.png */ = {isa = PBXFileReference; lastKnownFileType = image.png; path = "ralf@2x.png"; sourceTree = "<group>"; };
		D211FC661DE2AF7900270FBE /* M22 Intro.mp3 */ = {isa = PBXFileReference; lastKnownFileType = audio.mp3; path = "M22 Intro.mp3"; sourceTree = "<group>"; };
		D211FC691DE2B03200270FBE /* AVFoundation.framework */ = {isa = PBXFileReference; lastKnownFileType = wrapper.framework; name = AVFoundation.framework; path = System/Library/Frameworks/AVFoundation.framework; sourceTree = SDKROOT; };
		D211FC6B1DE2B95A00270FBE /* M22HomeAnimationView.h */ = {isa = PBXFileReference; fileEncoding = 4; lastKnownFileType = sourcecode.c.h; path = M22HomeAnimationView.h; sourceTree = "<group>"; };
		D211FC6C1DE2B95A00270FBE /* M22HomeAnimationView.m */ = {isa = PBXFileReference; fileEncoding = 4; lastKnownFileType = sourcecode.c.objc; path = M22HomeAnimationView.m; sourceTree = "<group>"; };
		D211FC6E1DE2B96900270FBE /* M22HomeAnimation.xcassets */ = {isa = PBXFileReference; lastKnownFileType = folder.assetcatalog; path = M22HomeAnimation.xcassets; sourceTree = "<group>"; };
		D211FC711DE3947C00270FBE /* Podcast.h */ = {isa = PBXFileReference; fileEncoding = 4; lastKnownFileType = sourcecode.c.h; path = Podcast.h; sourceTree = "<group>"; };
		D211FC721DE3947C00270FBE /* Podcast.m */ = {isa = PBXFileReference; fileEncoding = 4; lastKnownFileType = sourcecode.c.objc; path = Podcast.m; sourceTree = "<group>"; };
		D211FC741DE3954700270FBE /* PodcastParser.h */ = {isa = PBXFileReference; fileEncoding = 4; lastKnownFileType = sourcecode.c.h; path = PodcastParser.h; sourceTree = "<group>"; };
		D211FC751DE3954700270FBE /* PodcastParser.m */ = {isa = PBXFileReference; fileEncoding = 4; lastKnownFileType = sourcecode.c.objc; path = PodcastParser.m; sourceTree = "<group>"; };
		D211FC781DE3A38800270FBE /* EpisodeListViewController.h */ = {isa = PBXFileReference; fileEncoding = 4; lastKnownFileType = sourcecode.c.h; path = EpisodeListViewController.h; sourceTree = "<group>"; };
		D211FC791DE3A38800270FBE /* EpisodeListViewController.m */ = {isa = PBXFileReference; fileEncoding = 4; lastKnownFileType = sourcecode.c.objc; path = EpisodeListViewController.m; sourceTree = "<group>"; };
		D211FC7C1DE3A3CD00270FBE /* EpisodeListTableViewCell.h */ = {isa = PBXFileReference; fileEncoding = 4; lastKnownFileType = sourcecode.c.h; name = EpisodeListTableViewCell.h; path = Meanwhile22/EpisodeListTableViewCell.h; sourceTree = "<group>"; };
		D211FC7D1DE3A3CD00270FBE /* EpisodeListTableViewCell.m */ = {isa = PBXFileReference; fileEncoding = 4; lastKnownFileType = sourcecode.c.objc; name = EpisodeListTableViewCell.m; path = Meanwhile22/EpisodeListTableViewCell.m; sourceTree = "<group>"; };
		D211FC7F1DE4DB2D00270FBE /* AVKit.framework */ = {isa = PBXFileReference; lastKnownFileType = wrapper.framework; name = AVKit.framework; path = System/Library/Frameworks/AVKit.framework; sourceTree = SDKROOT; };
		D211FC811DE6193200270FBE /* EpisodePlayerViewController.h */ = {isa = PBXFileReference; fileEncoding = 4; lastKnownFileType = sourcecode.c.h; path = EpisodePlayerViewController.h; sourceTree = "<group>"; };
		D211FC821DE6193200270FBE /* EpisodePlayerViewController.m */ = {isa = PBXFileReference; fileEncoding = 4; lastKnownFileType = sourcecode.c.objc; path = EpisodePlayerViewController.m; sourceTree = "<group>"; };
		D211FC841DE6196200270FBE /* MethodsCache.h */ = {isa = PBXFileReference; fileEncoding = 4; lastKnownFileType = sourcecode.c.h; path = MethodsCache.h; sourceTree = "<group>"; };
		D211FC851DE6196200270FBE /* MethodsCache.m */ = {isa = PBXFileReference; fileEncoding = 4; lastKnownFileType = sourcecode.c.objc; path = MethodsCache.m; sourceTree = "<group>"; };
		D211FC881DE7EB0700270FBE /* red rocket@2x.png */ = {isa = PBXFileReference; lastKnownFileType = image.png; path = "red rocket@2x.png"; sourceTree = "<group>"; };
		D211FC891DE7EB0700270FBE /* blue rocket@2x.png */ = {isa = PBXFileReference; lastKnownFileType = image.png; path = "blue rocket@2x.png"; sourceTree = "<group>"; };
		D211FC8E1DE7F19500270FBE /* paper A lite@2x.png */ = {isa = PBXFileReference; lastKnownFileType = image.png; path = "paper A lite@2x.png"; sourceTree = "<group>"; };
		D211FC8F1DE7F19500270FBE /* paper B lite@2x.png */ = {isa = PBXFileReference; lastKnownFileType = image.png; path = "paper B lite@2x.png"; sourceTree = "<group>"; };
		D211FC901DE7F19500270FBE /* paper C lite@2x.png */ = {isa = PBXFileReference; lastKnownFileType = image.png; path = "paper C lite@2x.png"; sourceTree = "<group>"; };
		D293693B1DDD8873002851D5 /* Meanwhile22.app */ = {isa = PBXFileReference; explicitFileType = wrapper.application; includeInIndex = 0; path = Meanwhile22.app; sourceTree = BUILT_PRODUCTS_DIR; };
		D293693F1DDD8873002851D5 /* main.m */ = {isa = PBXFileReference; lastKnownFileType = sourcecode.c.objc; path = main.m; sourceTree = "<group>"; };
		D29369411DDD8873002851D5 /* AppDelegate.h */ = {isa = PBXFileReference; lastKnownFileType = sourcecode.c.h; path = AppDelegate.h; sourceTree = "<group>"; };
		D29369421DDD8873002851D5 /* AppDelegate.m */ = {isa = PBXFileReference; lastKnownFileType = sourcecode.c.objc; path = AppDelegate.m; sourceTree = "<group>"; };
		D29369481DDD8873002851D5 /* Base */ = {isa = PBXFileReference; lastKnownFileType = file.storyboard; name = Base; path = Base.lproj/Main.storyboard; sourceTree = "<group>"; };
		D293694A1DDD8873002851D5 /* Assets.xcassets */ = {isa = PBXFileReference; lastKnownFileType = folder.assetcatalog; path = Assets.xcassets; sourceTree = "<group>"; };
		D293694D1DDD8873002851D5 /* Base */ = {isa = PBXFileReference; lastKnownFileType = file.storyboard; name = Base; path = Base.lproj/LaunchScreen.storyboard; sourceTree = "<group>"; };
		D293694F1DDD8873002851D5 /* Info.plist */ = {isa = PBXFileReference; lastKnownFileType = text.plist.xml; path = Info.plist; sourceTree = "<group>"; };
		D29369541DDD8873002851D5 /* Meanwhile22Tests.xctest */ = {isa = PBXFileReference; explicitFileType = wrapper.cfbundle; includeInIndex = 0; path = Meanwhile22Tests.xctest; sourceTree = BUILT_PRODUCTS_DIR; };
		D29369581DDD8873002851D5 /* Meanwhile22Tests.m */ = {isa = PBXFileReference; lastKnownFileType = sourcecode.c.objc; path = Meanwhile22Tests.m; sourceTree = "<group>"; };
		D293695A1DDD8873002851D5 /* Info.plist */ = {isa = PBXFileReference; lastKnownFileType = text.plist.xml; path = Info.plist; sourceTree = "<group>"; };
		D293695F1DDD8873002851D5 /* Meanwhile22UITests.xctest */ = {isa = PBXFileReference; explicitFileType = wrapper.cfbundle; includeInIndex = 0; path = Meanwhile22UITests.xctest; sourceTree = BUILT_PRODUCTS_DIR; };
		D29369631DDD8873002851D5 /* Meanwhile22UITests.m */ = {isa = PBXFileReference; lastKnownFileType = sourcecode.c.objc; path = Meanwhile22UITests.m; sourceTree = "<group>"; };
		D29369651DDD8873002851D5 /* Info.plist */ = {isa = PBXFileReference; lastKnownFileType = text.plist.xml; path = Info.plist; sourceTree = "<group>"; };
		D29369711DDD8965002851D5 /* IntroViewController.h */ = {isa = PBXFileReference; fileEncoding = 4; lastKnownFileType = sourcecode.c.h; path = IntroViewController.h; sourceTree = "<group>"; };
		D29369721DDD8965002851D5 /* IntroViewController.m */ = {isa = PBXFileReference; fileEncoding = 4; lastKnownFileType = sourcecode.c.objc; path = IntroViewController.m; sourceTree = "<group>"; };
		D29369741DDD897D002851D5 /* HomeViewController.h */ = {isa = PBXFileReference; fileEncoding = 4; lastKnownFileType = sourcecode.c.h; path = HomeViewController.h; sourceTree = "<group>"; };
		D29369751DDD897D002851D5 /* HomeViewController.m */ = {isa = PBXFileReference; fileEncoding = 4; lastKnownFileType = sourcecode.c.objc; path = HomeViewController.m; sourceTree = "<group>"; };
		D29369781DDD8E72002851D5 /* facebook logo@2x.png */ = {isa = PBXFileReference; lastKnownFileType = image.png; path = "facebook logo@2x.png"; sourceTree = "<group>"; };
		D29369791DDD8E72002851D5 /* twitter logo@2x.png */ = {isa = PBXFileReference; lastKnownFileType = image.png; path = "twitter logo@2x.png"; sourceTree = "<group>"; };
/* End PBXFileReference section */

/* Begin PBXFrameworksBuildPhase section */
		D29369381DDD8873002851D5 /* Frameworks */ = {
			isa = PBXFrameworksBuildPhase;
			buildActionMask = 2147483647;
			files = (
				D211FC801DE4DB2D00270FBE /* AVKit.framework in Frameworks */,
				D211FC6A1DE2B03200270FBE /* AVFoundation.framework in Frameworks */,
			);
			runOnlyForDeploymentPostprocessing = 0;
		};
		D29369511DDD8873002851D5 /* Frameworks */ = {
			isa = PBXFrameworksBuildPhase;
			buildActionMask = 2147483647;
			files = (
			);
			runOnlyForDeploymentPostprocessing = 0;
		};
		D293695C1DDD8873002851D5 /* Frameworks */ = {
			isa = PBXFrameworksBuildPhase;
			buildActionMask = 2147483647;
			files = (
			);
			runOnlyForDeploymentPostprocessing = 0;
		};
/* End PBXFrameworksBuildPhase section */

/* Begin PBXGroup section */
		D211FC2D1DE2AC8A00270FBE /* Animations */ = {
			isa = PBXGroup;
			children = (
				D211FC2F1DE2ACBD00270FBE /* M22IntroAnimationView.h */,
				D211FC301DE2ACBD00270FBE /* M22IntroAnimationView.m */,
				D211FC6B1DE2B95A00270FBE /* M22HomeAnimationView.h */,
				D211FC6C1DE2B95A00270FBE /* M22HomeAnimationView.m */,
			);
			name = Animations;
			sourceTree = "<group>";
		};
		D211FC2E1DE2ACAB00270FBE /* animation images */ = {
			isa = PBXGroup;
			children = (
				D211FC6E1DE2B96900270FBE /* M22HomeAnimation.xcassets */,
				D211FC701DE2BB3200270FBE /* M22IntroAnimation images */,
			);
			name = "animation images";
			sourceTree = "<group>";
		};
		D211FC681DE2B03200270FBE /* Frameworks */ = {
			isa = PBXGroup;
			children = (
				D211FC7F1DE4DB2D00270FBE /* AVKit.framework */,
				D211FC691DE2B03200270FBE /* AVFoundation.framework */,
			);
			name = Frameworks;
			sourceTree = "<group>";
		};
		D211FC701DE2BB3200270FBE /* M22IntroAnimation images */ = {
			isa = PBXGroup;
			children = (
				D211FC321DE2ACEA00270FBE /* 22PL.png */,
				D211FC331DE2ACEA00270FBE /* 22PL@2x.png */,
				D211FC341DE2ACEA00270FBE /* base.png */,
				D211FC351DE2ACEA00270FBE /* base@2x.png */,
				D211FC361DE2ACEA00270FBE /* blurb.png */,
				D211FC371DE2ACEA00270FBE /* blurb@2x.png */,
				D211FC381DE2ACEA00270FBE /* burst.png */,
				D211FC391DE2ACEA00270FBE /* burst@2x.png */,
				D211FC3A1DE2ACEA00270FBE /* cap star.png */,
				D211FC3B1DE2ACEA00270FBE /* cap star@2x.png */,
				D211FC3C1DE2ACEA00270FBE /* cap.png */,
				D211FC3D1DE2ACEA00270FBE /* cap@2x.png */,
				D211FC3E1DE2ACEA00270FBE /* flash.png */,
				D211FC3F1DE2ACEA00270FBE /* flash@2x.png */,
				D211FC401DE2ACEA00270FBE /* meanwhile.png */,
				D211FC411DE2ACEA00270FBE /* meanwhile@2x.png */,
				D211FC421DE2ACEA00270FBE /* mfg bolt.png */,
				D211FC431DE2ACEA00270FBE /* mfg bolt@2x.png */,
				D211FC441DE2ACEA00270FBE /* mfg.png */,
				D211FC451DE2ACEA00270FBE /* mfg@2x.png */,
				D211FC461DE2ACEA00270FBE /* orange bkgd.png */,
				D211FC471DE2ACEA00270FBE /* orange bkgd@2x.png */,
				D211FC481DE2ACEA00270FBE /* ralf bird.png */,
				D211FC491DE2ACEA00270FBE /* ralf bird@2x.png */,
				D211FC4A1DE2ACEA00270FBE /* ralf.png */,
				D211FC4B1DE2ACEA00270FBE /* ralf@2x.png */,
			);
			name = "M22IntroAnimation images";
			sourceTree = "<group>";
		};
		D211FC771DE397A200270FBE /* Podcast */ = {
			isa = PBXGroup;
			children = (
				D211FC711DE3947C00270FBE /* Podcast.h */,
				D211FC721DE3947C00270FBE /* Podcast.m */,
				D211FC741DE3954700270FBE /* PodcastParser.h */,
				D211FC751DE3954700270FBE /* PodcastParser.m */,
			);
			name = Podcast;
			sourceTree = "<group>";
		};
		D211FC7B1DE3A3A300270FBE /* TableViewCells */ = {
			isa = PBXGroup;
			children = (
				D211FC7C1DE3A3CD00270FBE /* EpisodeListTableViewCell.h */,
				D211FC7D1DE3A3CD00270FBE /* EpisodeListTableViewCell.m */,
			);
			name = TableViewCells;
			path = ..;
			sourceTree = "<group>";
		};
		D211FC871DE7EAEA00270FBE /* button images */ = {
			isa = PBXGroup;
			children = (
				D29369781DDD8E72002851D5 /* facebook logo@2x.png */,
				D29369791DDD8E72002851D5 /* twitter logo@2x.png */,
			);
			name = "button images";
			sourceTree = "<group>";
		};
		D211FC8C1DE7EB1000270FBE /* other images */ = {
			isa = PBXGroup;
			children = (
				D211FC881DE7EB0700270FBE /* red rocket@2x.png */,
				D211FC891DE7EB0700270FBE /* blue rocket@2x.png */,
			);
			name = "other images";
			sourceTree = "<group>";
		};
		D211FC8D1DE7F17F00270FBE /* background images */ = {
			isa = PBXGroup;
			children = (
				D211FC8E1DE7F19500270FBE /* paper A lite@2x.png */,
				D211FC8F1DE7F19500270FBE /* paper B lite@2x.png */,
				D211FC901DE7F19500270FBE /* paper C lite@2x.png */,
			);
			name = "background images";
			sourceTree = "<group>";
		};
		D29369321DDD8873002851D5 = {
			isa = PBXGroup;
			children = (
				D293693D1DDD8873002851D5 /* Meanwhile22 */,
				D29369571DDD8873002851D5 /* Meanwhile22Tests */,
				D29369621DDD8873002851D5 /* Meanwhile22UITests */,
				D293693C1DDD8873002851D5 /* Products */,
				D211FC681DE2B03200270FBE /* Frameworks */,
			);
			sourceTree = "<group>";
		};
		D293693C1DDD8873002851D5 /* Products */ = {
			isa = PBXGroup;
			children = (
				D293693B1DDD8873002851D5 /* Meanwhile22.app */,
				D29369541DDD8873002851D5 /* Meanwhile22Tests.xctest */,
				D293695F1DDD8873002851D5 /* Meanwhile22UITests.xctest */,
			);
			name = Products;
			sourceTree = "<group>";
		};
		D293693D1DDD8873002851D5 /* Meanwhile22 */ = {
			isa = PBXGroup;
			children = (
				D29369411DDD8873002851D5 /* AppDelegate.h */,
				D29369421DDD8873002851D5 /* AppDelegate.m */,
				D211FC841DE6196200270FBE /* MethodsCache.h */,
				D211FC851DE6196200270FBE /* MethodsCache.m */,
				D211FC771DE397A200270FBE /* Podcast */,
				D211FC2D1DE2AC8A00270FBE /* Animations */,
				D211FC7B1DE3A3A300270FBE /* TableViewCells */,
				D29369711DDD8965002851D5 /* IntroViewController.h */,
				D29369721DDD8965002851D5 /* IntroViewController.m */,
				D29369741DDD897D002851D5 /* HomeViewController.h */,
				D29369751DDD897D002851D5 /* HomeViewController.m */,
				D211FC781DE3A38800270FBE /* EpisodeListViewController.h */,
				D211FC791DE3A38800270FBE /* EpisodeListViewController.m */,
				D211FC811DE6193200270FBE /* EpisodePlayerViewController.h */,
				D211FC821DE6193200270FBE /* EpisodePlayerViewController.m */,
				D29369471DDD8873002851D5 /* Main.storyboard */,
				D29369771DDD8E65002851D5 /* Assets */,
				D293694A1DDD8873002851D5 /* Assets.xcassets */,
				D293694C1DDD8873002851D5 /* LaunchScreen.storyboard */,
				D293694F1DDD8873002851D5 /* Info.plist */,
				D293693E1DDD8873002851D5 /* Supporting Files */,
			);
			path = Meanwhile22;
			sourceTree = "<group>";
		};
		D293693E1DDD8873002851D5 /* Supporting Files */ = {
			isa = PBXGroup;
			children = (
				D293693F1DDD8873002851D5 /* main.m */,
			);
			name = "Supporting Files";
			sourceTree = "<group>";
		};
		D29369571DDD8873002851D5 /* Meanwhile22Tests */ = {
			isa = PBXGroup;
			children = (
				D29369581DDD8873002851D5 /* Meanwhile22Tests.m */,
				D293695A1DDD8873002851D5 /* Info.plist */,
			);
			path = Meanwhile22Tests;
			sourceTree = "<group>";
		};
		D29369621DDD8873002851D5 /* Meanwhile22UITests */ = {
			isa = PBXGroup;
			children = (
				D29369631DDD8873002851D5 /* Meanwhile22UITests.m */,
				D29369651DDD8873002851D5 /* Info.plist */,
			);
			path = Meanwhile22UITests;
			sourceTree = "<group>";
		};
		D29369771DDD8E65002851D5 /* Assets */ = {
			isa = PBXGroup;
			children = (
				D211FC661DE2AF7900270FBE /* M22 Intro.mp3 */,
				D211FC2E1DE2ACAB00270FBE /* animation images */,
				D211FC8D1DE7F17F00270FBE /* background images */,
				D211FC871DE7EAEA00270FBE /* button images */,
				D211FC8C1DE7EB1000270FBE /* other images */,
			);
			name = Assets;
			sourceTree = "<group>";
		};
/* End PBXGroup section */

/* Begin PBXNativeTarget section */
		D293693A1DDD8873002851D5 /* Meanwhile22 */ = {
			isa = PBXNativeTarget;
			buildConfigurationList = D29369681DDD8873002851D5 /* Build configuration list for PBXNativeTarget "Meanwhile22" */;
			buildPhases = (
				D29369371DDD8873002851D5 /* Sources */,
				D29369381DDD8873002851D5 /* Frameworks */,
				D29369391DDD8873002851D5 /* Resources */,
			);
			buildRules = (
			);
			dependencies = (
			);
			name = Meanwhile22;
			productName = Meanwhile22;
			productReference = D293693B1DDD8873002851D5 /* Meanwhile22.app */;
			productType = "com.apple.product-type.application";
		};
		D29369531DDD8873002851D5 /* Meanwhile22Tests */ = {
			isa = PBXNativeTarget;
			buildConfigurationList = D293696B1DDD8873002851D5 /* Build configuration list for PBXNativeTarget "Meanwhile22Tests" */;
			buildPhases = (
				D29369501DDD8873002851D5 /* Sources */,
				D29369511DDD8873002851D5 /* Frameworks */,
				D29369521DDD8873002851D5 /* Resources */,
			);
			buildRules = (
			);
			dependencies = (
				D29369561DDD8873002851D5 /* PBXTargetDependency */,
			);
			name = Meanwhile22Tests;
			productName = Meanwhile22Tests;
			productReference = D29369541DDD8873002851D5 /* Meanwhile22Tests.xctest */;
			productType = "com.apple.product-type.bundle.unit-test";
		};
		D293695E1DDD8873002851D5 /* Meanwhile22UITests */ = {
			isa = PBXNativeTarget;
			buildConfigurationList = D293696E1DDD8873002851D5 /* Build configuration list for PBXNativeTarget "Meanwhile22UITests" */;
			buildPhases = (
				D293695B1DDD8873002851D5 /* Sources */,
				D293695C1DDD8873002851D5 /* Frameworks */,
				D293695D1DDD8873002851D5 /* Resources */,
			);
			buildRules = (
			);
			dependencies = (
				D29369611DDD8873002851D5 /* PBXTargetDependency */,
			);
			name = Meanwhile22UITests;
			productName = Meanwhile22UITests;
			productReference = D293695F1DDD8873002851D5 /* Meanwhile22UITests.xctest */;
			productType = "com.apple.product-type.bundle.ui-testing";
		};
/* End PBXNativeTarget section */

/* Begin PBXProject section */
		D29369331DDD8873002851D5 /* Project object */ = {
			isa = PBXProject;
			attributes = {
				LastUpgradeCheck = 0810;
				ORGANIZATIONNAME = "Here We Go";
				TargetAttributes = {
					D293693A1DDD8873002851D5 = {
						CreatedOnToolsVersion = 8.1;
						DevelopmentTeam = 8S82WEEMHM;
						ProvisioningStyle = Automatic;
					};
					D29369531DDD8873002851D5 = {
						CreatedOnToolsVersion = 8.1;
						DevelopmentTeam = 8S82WEEMHM;
						ProvisioningStyle = Automatic;
						TestTargetID = D293693A1DDD8873002851D5;
					};
					D293695E1DDD8873002851D5 = {
						CreatedOnToolsVersion = 8.1;
						DevelopmentTeam = 8S82WEEMHM;
						ProvisioningStyle = Automatic;
						TestTargetID = D293693A1DDD8873002851D5;
					};
				};
			};
			buildConfigurationList = D29369361DDD8873002851D5 /* Build configuration list for PBXProject "Meanwhile22" */;
			compatibilityVersion = "Xcode 3.2";
			developmentRegion = English;
			hasScannedForEncodings = 0;
			knownRegions = (
				en,
				Base,
			);
			mainGroup = D29369321DDD8873002851D5;
			productRefGroup = D293693C1DDD8873002851D5 /* Products */;
			projectDirPath = "";
			projectRoot = "";
			targets = (
				D293693A1DDD8873002851D5 /* Meanwhile22 */,
				D29369531DDD8873002851D5 /* Meanwhile22Tests */,
				D293695E1DDD8873002851D5 /* Meanwhile22UITests */,
			);
		};
/* End PBXProject section */

/* Begin PBXResourcesBuildPhase section */
		D29369391DDD8873002851D5 /* Resources */ = {
			isa = PBXResourcesBuildPhase;
			buildActionMask = 2147483647;
			files = (
				D211FC591DE2ACEA00270FBE /* flash@2x.png in Resources */,
				D211FC8B1DE7EB0700270FBE /* blue rocket@2x.png in Resources */,
				D211FC8A1DE7EB0700270FBE /* red rocket@2x.png in Resources */,
				D211FC531DE2ACEA00270FBE /* burst@2x.png in Resources */,
				D211FC5A1DE2ACEA00270FBE /* meanwhile.png in Resources */,
				D211FC611DE2ACEA00270FBE /* orange bkgd@2x.png in Resources */,
				D293697B1DDD8E72002851D5 /* twitter logo@2x.png in Resources */,
				D211FC5F1DE2ACEA00270FBE /* mfg@2x.png in Resources */,
				D211FC551DE2ACEA00270FBE /* cap star@2x.png in Resources */,
				D211FC5B1DE2ACEA00270FBE /* meanwhile@2x.png in Resources */,
				D211FC671DE2AF7900270FBE /* M22 Intro.mp3 in Resources */,
				D293697A1DDD8E72002851D5 /* facebook logo@2x.png in Resources */,
				D293694E1DDD8873002851D5 /* LaunchScreen.storyboard in Resources */,
				D211FC921DE7F19500270FBE /* paper B lite@2x.png in Resources */,
				D211FC4D1DE2ACEA00270FBE /* 22PL@2x.png in Resources */,
				D211FC4C1DE2ACEA00270FBE /* 22PL.png in Resources */,
				D211FC911DE7F19500270FBE /* paper A lite@2x.png in Resources */,
				D293694B1DDD8873002851D5 /* Assets.xcassets in Resources */,
				D211FC4E1DE2ACEA00270FBE /* base.png in Resources */,
				D211FC5E1DE2ACEA00270FBE /* mfg.png in Resources */,
				D211FC651DE2ACEA00270FBE /* ralf@2x.png in Resources */,
				D211FC501DE2ACEA00270FBE /* blurb.png in Resources */,
				D211FC521DE2ACEA00270FBE /* burst.png in Resources */,
				D211FC4F1DE2ACEA00270FBE /* base@2x.png in Resources */,
				D211FC621DE2ACEA00270FBE /* ralf bird.png in Resources */,
				D211FC5D1DE2ACEA00270FBE /* mfg bolt@2x.png in Resources */,
				D211FC6F1DE2B96900270FBE /* M22HomeAnimation.xcassets in Resources */,
				D211FC581DE2ACEA00270FBE /* flash.png in Resources */,
				D211FC541DE2ACEA00270FBE /* cap star.png in Resources */,
				D211FC511DE2ACEA00270FBE /* blurb@2x.png in Resources */,
				D211FC571DE2ACEA00270FBE /* cap@2x.png in Resources */,
				D211FC601DE2ACEA00270FBE /* orange bkgd.png in Resources */,
				D211FC561DE2ACEA00270FBE /* cap.png in Resources */,
				D211FC641DE2ACEA00270FBE /* ralf.png in Resources */,
				D211FC5C1DE2ACEA00270FBE /* mfg bolt.png in Resources */,
				D211FC931DE7F19500270FBE /* paper C lite@2x.png in Resources */,
				D29369491DDD8873002851D5 /* Main.storyboard in Resources */,
				D211FC631DE2ACEA00270FBE /* ralf bird@2x.png in Resources */,
			);
			runOnlyForDeploymentPostprocessing = 0;
		};
		D29369521DDD8873002851D5 /* Resources */ = {
			isa = PBXResourcesBuildPhase;
			buildActionMask = 2147483647;
			files = (
			);
			runOnlyForDeploymentPostprocessing = 0;
		};
		D293695D1DDD8873002851D5 /* Resources */ = {
			isa = PBXResourcesBuildPhase;
			buildActionMask = 2147483647;
			files = (
			);
			runOnlyForDeploymentPostprocessing = 0;
		};
/* End PBXResourcesBuildPhase section */

/* Begin PBXSourcesBuildPhase section */
		D29369371DDD8873002851D5 /* Sources */ = {
			isa = PBXSourcesBuildPhase;
			buildActionMask = 2147483647;
			files = (
				D29369431DDD8873002851D5 /* AppDelegate.m in Sources */,
				D211FC861DE6196200270FBE /* MethodsCache.m in Sources */,
				D211FC7A1DE3A38800270FBE /* EpisodeListViewController.m in Sources */,
				D29369731DDD8965002851D5 /* IntroViewController.m in Sources */,
				D211FC731DE3947C00270FBE /* Podcast.m in Sources */,
				D211FC6D1DE2B95A00270FBE /* M22HomeAnimationView.m in Sources */,
				D211FC311DE2ACBD00270FBE /* M22IntroAnimationView.m in Sources */,
				D211FC761DE3954700270FBE /* PodcastParser.m in Sources */,
				D29369401DDD8873002851D5 /* main.m in Sources */,
				D29369761DDD897D002851D5 /* HomeViewController.m in Sources */,
				D211FC831DE6193200270FBE /* EpisodePlayerViewController.m in Sources */,
				D211FC7E1DE3A3CD00270FBE /* EpisodeListTableViewCell.m in Sources */,
			);
			runOnlyForDeploymentPostprocessing = 0;
		};
		D29369501DDD8873002851D5 /* Sources */ = {
			isa = PBXSourcesBuildPhase;
			buildActionMask = 2147483647;
			files = (
				D29369591DDD8873002851D5 /* Meanwhile22Tests.m in Sources */,
			);
			runOnlyForDeploymentPostprocessing = 0;
		};
		D293695B1DDD8873002851D5 /* Sources */ = {
			isa = PBXSourcesBuildPhase;
			buildActionMask = 2147483647;
			files = (
				D29369641DDD8873002851D5 /* Meanwhile22UITests.m in Sources */,
			);
			runOnlyForDeploymentPostprocessing = 0;
		};
/* End PBXSourcesBuildPhase section */

/* Begin PBXTargetDependency section */
		D29369561DDD8873002851D5 /* PBXTargetDependency */ = {
			isa = PBXTargetDependency;
			target = D293693A1DDD8873002851D5 /* Meanwhile22 */;
			targetProxy = D29369551DDD8873002851D5 /* PBXContainerItemProxy */;
		};
		D29369611DDD8873002851D5 /* PBXTargetDependency */ = {
			isa = PBXTargetDependency;
			target = D293693A1DDD8873002851D5 /* Meanwhile22 */;
			targetProxy = D29369601DDD8873002851D5 /* PBXContainerItemProxy */;
		};
/* End PBXTargetDependency section */

/* Begin PBXVariantGroup section */
		D29369471DDD8873002851D5 /* Main.storyboard */ = {
			isa = PBXVariantGroup;
			children = (
				D29369481DDD8873002851D5 /* Base */,
			);
			name = Main.storyboard;
			sourceTree = "<group>";
		};
		D293694C1DDD8873002851D5 /* LaunchScreen.storyboard */ = {
			isa = PBXVariantGroup;
			children = (
				D293694D1DDD8873002851D5 /* Base */,
			);
			name = LaunchScreen.storyboard;
			sourceTree = "<group>";
		};
/* End PBXVariantGroup section */

/* Begin XCBuildConfiguration section */
		D29369661DDD8873002851D5 /* Debug */ = {
			isa = XCBuildConfiguration;
			buildSettings = {
				ALWAYS_SEARCH_USER_PATHS = NO;
				CLANG_ANALYZER_NONNULL = YES;
				CLANG_CXX_LANGUAGE_STANDARD = "gnu++0x";
				CLANG_CXX_LIBRARY = "libc++";
				CLANG_ENABLE_MODULES = YES;
				CLANG_ENABLE_OBJC_ARC = YES;
				CLANG_WARN_BOOL_CONVERSION = YES;
				CLANG_WARN_CONSTANT_CONVERSION = YES;
				CLANG_WARN_DIRECT_OBJC_ISA_USAGE = YES_ERROR;
				CLANG_WARN_DOCUMENTATION_COMMENTS = YES;
				CLANG_WARN_EMPTY_BODY = YES;
				CLANG_WARN_ENUM_CONVERSION = YES;
				CLANG_WARN_INFINITE_RECURSION = YES;
				CLANG_WARN_INT_CONVERSION = YES;
				CLANG_WARN_OBJC_ROOT_CLASS = YES_ERROR;
				CLANG_WARN_SUSPICIOUS_MOVES = YES;
				CLANG_WARN_UNREACHABLE_CODE = YES;
				CLANG_WARN__DUPLICATE_METHOD_MATCH = YES;
				"CODE_SIGN_IDENTITY[sdk=iphoneos*]" = "iPhone Developer";
				COPY_PHASE_STRIP = NO;
				DEBUG_INFORMATION_FORMAT = dwarf;
				ENABLE_STRICT_OBJC_MSGSEND = YES;
				ENABLE_TESTABILITY = YES;
				GCC_C_LANGUAGE_STANDARD = gnu99;
				GCC_DYNAMIC_NO_PIC = NO;
				GCC_NO_COMMON_BLOCKS = YES;
				GCC_OPTIMIZATION_LEVEL = 0;
				GCC_PREPROCESSOR_DEFINITIONS = (
					"DEBUG=1",
					"$(inherited)",
				);
				GCC_WARN_64_TO_32_BIT_CONVERSION = YES;
				GCC_WARN_ABOUT_RETURN_TYPE = YES_ERROR;
				GCC_WARN_UNDECLARED_SELECTOR = YES;
				GCC_WARN_UNINITIALIZED_AUTOS = YES_AGGRESSIVE;
				GCC_WARN_UNUSED_FUNCTION = YES;
				GCC_WARN_UNUSED_VARIABLE = YES;
				IPHONEOS_DEPLOYMENT_TARGET = 10.1;
				MTL_ENABLE_DEBUG_INFO = YES;
				ONLY_ACTIVE_ARCH = YES;
				SDKROOT = iphoneos;
				TARGETED_DEVICE_FAMILY = "1,2";
			};
			name = Debug;
		};
		D29369671DDD8873002851D5 /* Release */ = {
			isa = XCBuildConfiguration;
			buildSettings = {
				ALWAYS_SEARCH_USER_PATHS = NO;
				CLANG_ANALYZER_NONNULL = YES;
				CLANG_CXX_LANGUAGE_STANDARD = "gnu++0x";
				CLANG_CXX_LIBRARY = "libc++";
				CLANG_ENABLE_MODULES = YES;
				CLANG_ENABLE_OBJC_ARC = YES;
				CLANG_WARN_BOOL_CONVERSION = YES;
				CLANG_WARN_CONSTANT_CONVERSION = YES;
				CLANG_WARN_DIRECT_OBJC_ISA_USAGE = YES_ERROR;
				CLANG_WARN_DOCUMENTATION_COMMENTS = YES;
				CLANG_WARN_EMPTY_BODY = YES;
				CLANG_WARN_ENUM_CONVERSION = YES;
				CLANG_WARN_INFINITE_RECURSION = YES;
				CLANG_WARN_INT_CONVERSION = YES;
				CLANG_WARN_OBJC_ROOT_CLASS = YES_ERROR;
				CLANG_WARN_SUSPICIOUS_MOVES = YES;
				CLANG_WARN_UNREACHABLE_CODE = YES;
				CLANG_WARN__DUPLICATE_METHOD_MATCH = YES;
				"CODE_SIGN_IDENTITY[sdk=iphoneos*]" = "iPhone Developer";
				COPY_PHASE_STRIP = NO;
				DEBUG_INFORMATION_FORMAT = "dwarf-with-dsym";
				ENABLE_NS_ASSERTIONS = NO;
				ENABLE_STRICT_OBJC_MSGSEND = YES;
				GCC_C_LANGUAGE_STANDARD = gnu99;
				GCC_NO_COMMON_BLOCKS = YES;
				GCC_WARN_64_TO_32_BIT_CONVERSION = YES;
				GCC_WARN_ABOUT_RETURN_TYPE = YES_ERROR;
				GCC_WARN_UNDECLARED_SELECTOR = YES;
				GCC_WARN_UNINITIALIZED_AUTOS = YES_AGGRESSIVE;
				GCC_WARN_UNUSED_FUNCTION = YES;
				GCC_WARN_UNUSED_VARIABLE = YES;
				IPHONEOS_DEPLOYMENT_TARGET = 10.1;
				MTL_ENABLE_DEBUG_INFO = NO;
				SDKROOT = iphoneos;
				TARGETED_DEVICE_FAMILY = "1,2";
				VALIDATE_PRODUCT = YES;
			};
			name = Release;
		};
		D29369691DDD8873002851D5 /* Debug */ = {
			isa = XCBuildConfiguration;
			buildSettings = {
				ASSETCATALOG_COMPILER_APPICON_NAME = AppIcon;
				DEVELOPMENT_TEAM = 8S82WEEMHM;
				INFOPLIST_FILE = Meanwhile22/Info.plist;
				LD_RUNPATH_SEARCH_PATHS = "$(inherited) @executable_path/Frameworks";
				PRODUCT_BUNDLE_IDENTIFIER = com.self.edu.Meanwhile22;
				PRODUCT_NAME = "$(TARGET_NAME)";
			};
			name = Debug;
		};
		D293696A1DDD8873002851D5 /* Release */ = {
			isa = XCBuildConfiguration;
			buildSettings = {
				ASSETCATALOG_COMPILER_APPICON_NAME = AppIcon;
				DEVELOPMENT_TEAM = 8S82WEEMHM;
				INFOPLIST_FILE = Meanwhile22/Info.plist;
				LD_RUNPATH_SEARCH_PATHS = "$(inherited) @executable_path/Frameworks";
				PRODUCT_BUNDLE_IDENTIFIER = com.self.edu.Meanwhile22;
				PRODUCT_NAME = "$(TARGET_NAME)";
			};
			name = Release;
		};
		D293696C1DDD8873002851D5 /* Debug */ = {
			isa = XCBuildConfiguration;
			buildSettings = {
				BUNDLE_LOADER = "$(TEST_HOST)";
				DEVELOPMENT_TEAM = 8S82WEEMHM;
				INFOPLIST_FILE = Meanwhile22Tests/Info.plist;
				LD_RUNPATH_SEARCH_PATHS = "$(inherited) @executable_path/Frameworks @loader_path/Frameworks";
				PRODUCT_BUNDLE_IDENTIFIER = com.self.edu.Meanwhile22Tests;
				PRODUCT_NAME = "$(TARGET_NAME)";
				TEST_HOST = "$(BUILT_PRODUCTS_DIR)/Meanwhile22.app/Meanwhile22";
			};
			name = Debug;
		};
		D293696D1DDD8873002851D5 /* Release */ = {
			isa = XCBuildConfiguration;
			buildSettings = {
				BUNDLE_LOADER = "$(TEST_HOST)";
				DEVELOPMENT_TEAM = 8S82WEEMHM;
				INFOPLIST_FILE = Meanwhile22Tests/Info.plist;
				LD_RUNPATH_SEARCH_PATHS = "$(inherited) @executable_path/Frameworks @loader_path/Frameworks";
				PRODUCT_BUNDLE_IDENTIFIER = com.self.edu.Meanwhile22Tests;
				PRODUCT_NAME = "$(TARGET_NAME)";
				TEST_HOST = "$(BUILT_PRODUCTS_DIR)/Meanwhile22.app/Meanwhile22";
			};
			name = Release;
		};
		D293696F1DDD8873002851D5 /* Debug */ = {
			isa = XCBuildConfiguration;
			buildSettings = {
				DEVELOPMENT_TEAM = 8S82WEEMHM;
				INFOPLIST_FILE = Meanwhile22UITests/Info.plist;
				LD_RUNPATH_SEARCH_PATHS = "$(inherited) @executable_path/Frameworks @loader_path/Frameworks";
				PRODUCT_BUNDLE_IDENTIFIER = com.self.edu.Meanwhile22UITests;
				PRODUCT_NAME = "$(TARGET_NAME)";
				TEST_TARGET_NAME = Meanwhile22;
			};
			name = Debug;
		};
		D29369701DDD8873002851D5 /* Release */ = {
			isa = XCBuildConfiguration;
			buildSettings = {
				DEVELOPMENT_TEAM = 8S82WEEMHM;
				INFOPLIST_FILE = Meanwhile22UITests/Info.plist;
				LD_RUNPATH_SEARCH_PATHS = "$(inherited) @executable_path/Frameworks @loader_path/Frameworks";
				PRODUCT_BUNDLE_IDENTIFIER = com.self.edu.Meanwhile22UITests;
				PRODUCT_NAME = "$(TARGET_NAME)";
				TEST_TARGET_NAME = Meanwhile22;
			};
			name = Release;
		};
/* End XCBuildConfiguration section */

/* Begin XCConfigurationList section */
		D29369361DDD8873002851D5 /* Build configuration list for PBXProject "Meanwhile22" */ = {
			isa = XCConfigurationList;
			buildConfigurations = (
				D29369661DDD8873002851D5 /* Debug */,
				D29369671DDD8873002851D5 /* Release */,
			);
			defaultConfigurationIsVisible = 0;
			defaultConfigurationName = Release;
		};
		D29369681DDD8873002851D5 /* Build configuration list for PBXNativeTarget "Meanwhile22" */ = {
			isa = XCConfigurationList;
			buildConfigurations = (
				D29369691DDD8873002851D5 /* Debug */,
				D293696A1DDD8873002851D5 /* Release */,
			);
			defaultConfigurationIsVisible = 0;
			defaultConfigurationName = Release;
		};
		D293696B1DDD8873002851D5 /* Build configuration list for PBXNativeTarget "Meanwhile22Tests" */ = {
			isa = XCConfigurationList;
			buildConfigurations = (
				D293696C1DDD8873002851D5 /* Debug */,
				D293696D1DDD8873002851D5 /* Release */,
			);
			defaultConfigurationIsVisible = 0;
			defaultConfigurationName = Release;
		};
		D293696E1DDD8873002851D5 /* Build configuration list for PBXNativeTarget "Meanwhile22UITests" */ = {
			isa = XCConfigurationList;
			buildConfigurations = (
				D293696F1DDD8873002851D5 /* Debug */,
				D29369701DDD8873002851D5 /* Release */,
			);
			defaultConfigurationIsVisible = 0;
			defaultConfigurationName = Release;
		};
/* End XCConfigurationList section */
	};
	rootObject = D29369331DDD8873002851D5 /* Project object */;
}
